PODS:
  - Menu (0.0.1):
    - SnapKit
  - SnapKit (4.2.0)

DEPENDENCIES:
  - Menu (from `.`)
  - SnapKit

SPEC REPOS:
  https://github.com/cocoapods/specs.git:
    - SnapKit

EXTERNAL SOURCES:
  Menu:
    :path: "."

SPEC CHECKSUMS:
  Menu: a1e69a2e8e641192ddec0cf55cd380cde6e27b1e
  SnapKit: fe8a619752f3f27075cc9a90244d75c6c3f27e2a

PODFILE CHECKSUM: afebc92a43de9a4126ebd56e0e1a92c01196be88

COCOAPODS: 1.6.0
